
Microsoft Visual Studio Solution File, Format Version 12.00
# Visual Studio Version 16
VisualStudioVersion = 16.0.29519.87
MinimumVisualStudioVersion = 10.0.40219.1
Project("{9A19103F-16F7-4668-BE54-9A1E7A4F7556}") = "WlmPropertyAPI", "WlmPropertyAPI.csproj", "{06CB359F-7E05-41EE-93D7-CA5142AF1BA9}"
EndProject
Global
	GlobalSection(SolutionConfigurationPlatforms) = preSolution
		Debug|Any CPU = Debug|Any CPU
		Release|Any CPU = Release|Any CPU
	EndGlobalSection
	GlobalSection(ProjectConfigurationPlatforms) = postSolution
		{06CB359F-7E05-41EE-93D7-CA5142AF1BA9}.Debug|Any CPU.ActiveCfg = Debug|Any CPU
		{06CB359F-7E05-41EE-93D7-CA5142AF1BA9}.Debug|Any CPU.Build.0 = Debug|Any CPU
		{06CB359F-7E05-41EE-93D7-CA5142AF1BA9}.Release|Any CPU.ActiveCfg = Release|Any CPU
		{06CB359F-7E05-41EE-93D7-CA5142AF1BA9}.Release|Any CPU.Build.0 = Release|Any CPU
	EndGlobalSection
	GlobalSection(SolutionProperties) = preSolution
		HideSolutionNode = FALSE
	EndGlobalSection
	GlobalSection(ExtensibilityGlobals) = postSolution
		SolutionGuid = {8EA4A418-66F2-453D-A134-FEC0C9027838}
	EndGlobalSection
EndGlobal
